
Microsoft Visual Studio Solution File, Format Version 12.00
# Visual Studio Version 16
VisualStudioVersion = 16.0.30413.136
MinimumVisualStudioVersion = 10.0.40219.1
Project("{9A19103F-16F7-4668-BE54-9A1E7A4F7556}") = "GlazerCalc", "GlazerCalc\GlazerCalc.csproj", "{C82B635A-B8B6-49DE-9A2D-0E2EA72A4EF0}"
EndProject
Project("{FAE04EC0-301F-11D3-BF4B-00C04F79EFBC}") = "ArrayTests", "..\ArrayTests\ArrayTests.csproj", "{2210BC04-311B-401E-ADD1-9811828FF4F7}"
EndProject
Project("{FAE04EC0-301F-11D3-BF4B-00C04F79EFBC}") = "WorkingWithStreams", "..\WorkingWithStreams\WorkingWithStreams.csproj", "{9EB72580-CC86-4B5C-BB67-6D8A47E95724}"
EndProject
Global
	GlobalSection(SolutionConfigurationPlatforms) = preSolution
		Debug|Any CPU = Debug|Any CPU
		Release|Any CPU = Release|Any CPU
	EndGlobalSection
	GlobalSection(ProjectConfigurationPlatforms) = postSolution
		{C82B635A-B8B6-49DE-9A2D-0E2EA72A4EF0}.Debug|Any CPU.ActiveCfg = Debug|Any CPU
		{C82B635A-B8B6-49DE-9A2D-0E2EA72A4EF0}.Debug|Any CPU.Build.0 = Debug|Any CPU
		{C82B635A-B8B6-49DE-9A2D-0E2EA72A4EF0}.Release|Any CPU.ActiveCfg = Release|Any CPU
		{C82B635A-B8B6-49DE-9A2D-0E2EA72A4EF0}.Release|Any CPU.Build.0 = Release|Any CPU
		{2210BC04-311B-401E-ADD1-9811828FF4F7}.Debug|Any CPU.ActiveCfg = Debug|Any CPU
		{2210BC04-311B-401E-ADD1-9811828FF4F7}.Debug|Any CPU.Build.0 = Debug|Any CPU
		{2210BC04-311B-401E-ADD1-9811828FF4F7}.Release|Any CPU.ActiveCfg = Release|Any CPU
		{2210BC04-311B-401E-ADD1-9811828FF4F7}.Release|Any CPU.Build.0 = Release|Any CPU
		{9EB72580-CC86-4B5C-BB67-6D8A47E95724}.Debug|Any CPU.ActiveCfg = Debug|Any CPU
		{9EB72580-CC86-4B5C-BB67-6D8A47E95724}.Debug|Any CPU.Build.0 = Debug|Any CPU
		{9EB72580-CC86-4B5C-BB67-6D8A47E95724}.Release|Any CPU.ActiveCfg = Release|Any CPU
		{9EB72580-CC86-4B5C-BB67-6D8A47E95724}.Release|Any CPU.Build.0 = Release|Any CPU
	EndGlobalSection
	GlobalSection(SolutionProperties) = preSolution
		HideSolutionNode = FALSE
	EndGlobalSection
	GlobalSection(ExtensibilityGlobals) = postSolution
		SolutionGuid = {8891B412-42E8-4FB9-A879-E82C1BD7EC89}
	EndGlobalSection
EndGlobal
